
Microsoft Visual Studio Solution File, Format Version 12.00
# Visual Studio Version 17
VisualStudioVersion = 17.9.34622.214
MinimumVisualStudioVersion = 10.0.40219.1
Project("{FAE04EC0-301F-11D3-BF4B-00C04F79EFBC}") = "Punto1", "Punto1.csproj", "{59C6FF9E-718A-4E95-8FBD-742335A93D46}"
EndProject
Global
	GlobalSection(SolutionConfigurationPlatforms) = preSolution
		Debug|Any CPU = Debug|Any CPU
		Release|Any CPU = Release|Any CPU
	EndGlobalSection
	GlobalSection(ProjectConfigurationPlatforms) = postSolution
		{59C6FF9E-718A-4E95-8FBD-742335A93D46}.Debug|Any CPU.ActiveCfg = Debug|Any CPU
		{59C6FF9E-718A-4E95-8FBD-742335A93D46}.Debug|Any CPU.Build.0 = Debug|Any CPU
		{59C6FF9E-718A-4E95-8FBD-742335A93D46}.Release|Any CPU.ActiveCfg = Release|Any CPU
		{59C6FF9E-718A-4E95-8FBD-742335A93D46}.Release|Any CPU.Build.0 = Release|Any CPU
	EndGlobalSection
	GlobalSection(SolutionProperties) = preSolution
		HideSolutionNode = FALSE
	EndGlobalSection
	GlobalSection(ExtensibilityGlobals) = postSolution
		SolutionGuid = {1CE1777C-7137-4AA1-A3FC-C75AFEE26F0C}
	EndGlobalSection
EndGlobal
