
Microsoft Visual Studio Solution File, Format Version 12.00
# Visual Studio Version 17
VisualStudioVersion = 17.9.34622.214
MinimumVisualStudioVersion = 10.0.40219.1
Project("{FAE04EC0-301F-11D3-BF4B-00C04F79EFBC}") = "WEB", "WEB.csproj", "{D5BA7B54-6FFC-4FA5-8B31-1530CAFED92F}"
EndProject
Global
	GlobalSection(SolutionConfigurationPlatforms) = preSolution
		Debug|Any CPU = Debug|Any CPU
		Release|Any CPU = Release|Any CPU
	EndGlobalSection
	GlobalSection(ProjectConfigurationPlatforms) = postSolution
		{D5BA7B54-6FFC-4FA5-8B31-1530CAFED92F}.Debug|Any CPU.ActiveCfg = Debug|Any CPU
		{D5BA7B54-6FFC-4FA5-8B31-1530CAFED92F}.Debug|Any CPU.Build.0 = Debug|Any CPU
		{D5BA7B54-6FFC-4FA5-8B31-1530CAFED92F}.Release|Any CPU.ActiveCfg = Release|Any CPU
		{D5BA7B54-6FFC-4FA5-8B31-1530CAFED92F}.Release|Any CPU.Build.0 = Release|Any CPU
	EndGlobalSection
	GlobalSection(SolutionProperties) = preSolution
		HideSolutionNode = FALSE
	EndGlobalSection
	GlobalSection(ExtensibilityGlobals) = postSolution
		SolutionGuid = {98237734-B478-4FB4-9254-8403B477F021}
	EndGlobalSection
EndGlobal
