
Microsoft Visual Studio Solution File, Format Version 12.00
# Visual Studio Version 17
VisualStudioVersion = 17.9.34622.214
MinimumVisualStudioVersion = 10.0.40219.1
Project("{FAE04EC0-301F-11D3-BF4B-00C04F79EFBC}") = "Veterinary.Shared", "Veterinary.Shared\Veterinary.Shared.csproj", "{6EC2F4BB-5160-4434-81E8-25E4E639A043}"
EndProject
Project("{FAE04EC0-301F-11D3-BF4B-00C04F79EFBC}") = "Veterinary.API", "Veterinary.API\Veterinary.API.csproj", "{4A0991D6-B86A-4E0E-B7C3-FBD4461C1F6B}"
EndProject
Project("{FAE04EC0-301F-11D3-BF4B-00C04F79EFBC}") = "Veterinary.WEB", "Veterinary.WEB\Veterinary.WEB.csproj", "{D5D9BF64-3D36-451A-BA98-435AD648BBA5}"
EndProject
Global
	GlobalSection(SolutionConfigurationPlatforms) = preSolution
		Debug|Any CPU = Debug|Any CPU
		Release|Any CPU = Release|Any CPU
	EndGlobalSection
	GlobalSection(ProjectConfigurationPlatforms) = postSolution
		{6EC2F4BB-5160-4434-81E8-25E4E639A043}.Debug|Any CPU.ActiveCfg = Debug|Any CPU
		{6EC2F4BB-5160-4434-81E8-25E4E639A043}.Debug|Any CPU.Build.0 = Debug|Any CPU
		{6EC2F4BB-5160-4434-81E8-25E4E639A043}.Release|Any CPU.ActiveCfg = Release|Any CPU
		{6EC2F4BB-5160-4434-81E8-25E4E639A043}.Release|Any CPU.Build.0 = Release|Any CPU
		{4A0991D6-B86A-4E0E-B7C3-FBD4461C1F6B}.Debug|Any CPU.ActiveCfg = Debug|Any CPU
		{4A0991D6-B86A-4E0E-B7C3-FBD4461C1F6B}.Debug|Any CPU.Build.0 = Debug|Any CPU
		{4A0991D6-B86A-4E0E-B7C3-FBD4461C1F6B}.Release|Any CPU.ActiveCfg = Release|Any CPU
		{4A0991D6-B86A-4E0E-B7C3-FBD4461C1F6B}.Release|Any CPU.Build.0 = Release|Any CPU
		{D5D9BF64-3D36-451A-BA98-435AD648BBA5}.Debug|Any CPU.ActiveCfg = Debug|Any CPU
		{D5D9BF64-3D36-451A-BA98-435AD648BBA5}.Debug|Any CPU.Build.0 = Debug|Any CPU
		{D5D9BF64-3D36-451A-BA98-435AD648BBA5}.Release|Any CPU.ActiveCfg = Release|Any CPU
		{D5D9BF64-3D36-451A-BA98-435AD648BBA5}.Release|Any CPU.Build.0 = Release|Any CPU
	EndGlobalSection
	GlobalSection(SolutionProperties) = preSolution
		HideSolutionNode = FALSE
	EndGlobalSection
	GlobalSection(ExtensibilityGlobals) = postSolution
		SolutionGuid = {DA4137AC-CA74-4341-8796-0FAEFCB3FC88}
	EndGlobalSection
EndGlobal
