
Microsoft Visual Studio Solution File, Format Version 12.00
# Visual Studio Version 17
VisualStudioVersion = 17.9.34728.123
MinimumVisualStudioVersion = 10.0.40219.1
Project("{FAE04EC0-301F-11D3-BF4B-00C04F79EFBC}") = "Veterinary.Shared", "Veterinary.Shared\Veterinary.Shared.csproj", "{559BF788-370A-4805-A123-0C88D77F0386}"
EndProject
Project("{FAE04EC0-301F-11D3-BF4B-00C04F79EFBC}") = "Veterinary.API", "Veterinary.API\Veterinary.API.csproj", "{9508ADF3-98BF-4939-832C-E494C27F74E0}"
EndProject
Project("{FAE04EC0-301F-11D3-BF4B-00C04F79EFBC}") = "Veterinary.WEB", "Veterinary.WEB\Veterinary.WEB.csproj", "{FF4570D7-8489-4679-8CF4-C73B5928B8AB}"
EndProject
Global
	GlobalSection(SolutionConfigurationPlatforms) = preSolution
		Debug|Any CPU = Debug|Any CPU
		Release|Any CPU = Release|Any CPU
	EndGlobalSection
	GlobalSection(ProjectConfigurationPlatforms) = postSolution
		{559BF788-370A-4805-A123-0C88D77F0386}.Debug|Any CPU.ActiveCfg = Debug|Any CPU
		{559BF788-370A-4805-A123-0C88D77F0386}.Debug|Any CPU.Build.0 = Debug|Any CPU
		{559BF788-370A-4805-A123-0C88D77F0386}.Release|Any CPU.ActiveCfg = Release|Any CPU
		{559BF788-370A-4805-A123-0C88D77F0386}.Release|Any CPU.Build.0 = Release|Any CPU
		{9508ADF3-98BF-4939-832C-E494C27F74E0}.Debug|Any CPU.ActiveCfg = Debug|Any CPU
		{9508ADF3-98BF-4939-832C-E494C27F74E0}.Debug|Any CPU.Build.0 = Debug|Any CPU
		{9508ADF3-98BF-4939-832C-E494C27F74E0}.Release|Any CPU.ActiveCfg = Release|Any CPU
		{9508ADF3-98BF-4939-832C-E494C27F74E0}.Release|Any CPU.Build.0 = Release|Any CPU
		{FF4570D7-8489-4679-8CF4-C73B5928B8AB}.Debug|Any CPU.ActiveCfg = Debug|Any CPU
		{FF4570D7-8489-4679-8CF4-C73B5928B8AB}.Debug|Any CPU.Build.0 = Debug|Any CPU
		{FF4570D7-8489-4679-8CF4-C73B5928B8AB}.Release|Any CPU.ActiveCfg = Release|Any CPU
		{FF4570D7-8489-4679-8CF4-C73B5928B8AB}.Release|Any CPU.Build.0 = Release|Any CPU
	EndGlobalSection
	GlobalSection(SolutionProperties) = preSolution
		HideSolutionNode = FALSE
	EndGlobalSection
	GlobalSection(ExtensibilityGlobals) = postSolution
		SolutionGuid = {26B78CE4-CB99-4ED5-AF2E-86C027FD3B56}
	EndGlobalSection
EndGlobal
