
Microsoft Visual Studio Solution File, Format Version 12.00
# Visual Studio Version 17
VisualStudioVersion = 17.9.34622.214
MinimumVisualStudioVersion = 10.0.40219.1
Project("{FAE04EC0-301F-11D3-BF4B-00C04F79EFBC}") = "Punto3", "Punto3.csproj", "{C948C787-81BA-4E66-9141-251DE5F429C6}"
EndProject
Global
	GlobalSection(SolutionConfigurationPlatforms) = preSolution
		Debug|Any CPU = Debug|Any CPU
		Release|Any CPU = Release|Any CPU
	EndGlobalSection
	GlobalSection(ProjectConfigurationPlatforms) = postSolution
		{C948C787-81BA-4E66-9141-251DE5F429C6}.Debug|Any CPU.ActiveCfg = Debug|Any CPU
		{C948C787-81BA-4E66-9141-251DE5F429C6}.Debug|Any CPU.Build.0 = Debug|Any CPU
		{C948C787-81BA-4E66-9141-251DE5F429C6}.Release|Any CPU.ActiveCfg = Release|Any CPU
		{C948C787-81BA-4E66-9141-251DE5F429C6}.Release|Any CPU.Build.0 = Release|Any CPU
	EndGlobalSection
	GlobalSection(SolutionProperties) = preSolution
		HideSolutionNode = FALSE
	EndGlobalSection
	GlobalSection(ExtensibilityGlobals) = postSolution
		SolutionGuid = {21B8E9AF-A8BE-47CF-AC80-FB629AD9A660}
	EndGlobalSection
EndGlobal
